
Microsoft Visual Studio Solution File, Format Version 12.00
# Visual Studio Version 16
VisualStudioVersion = 16.0.29025.244
MinimumVisualStudioVersion = 10.0.40219.1
Project("{FAE04EC0-301F-11D3-BF4B-00C04F79EFBC}") = "RMDataManager", "RMDataManager\RMDataManager.csproj", "{09049DBC-96DF-4030-B868-09C7D2E86490}"
EndProject
Project("{00D1A9C2-B5F0-4AF3-8072-F6C62B433612}") = "RMData", "RMData\RMData.sqlproj", "{BEFA16DC-83E0-42DA-A905-348BCC58DC90}"
EndProject
Global
	GlobalSection(SolutionConfigurationPlatforms) = preSolution
		Debug|Any CPU = Debug|Any CPU
		Release|Any CPU = Release|Any CPU
	EndGlobalSection
	GlobalSection(ProjectConfigurationPlatforms) = postSolution
		{09049DBC-96DF-4030-B868-09C7D2E86490}.Debug|Any CPU.ActiveCfg = Debug|Any CPU
		{09049DBC-96DF-4030-B868-09C7D2E86490}.Debug|Any CPU.Build.0 = Debug|Any CPU
		{09049DBC-96DF-4030-B868-09C7D2E86490}.Release|Any CPU.ActiveCfg = Release|Any CPU
		{09049DBC-96DF-4030-B868-09C7D2E86490}.Release|Any CPU.Build.0 = Release|Any CPU
		{BEFA16DC-83E0-42DA-A905-348BCC58DC90}.Debug|Any CPU.ActiveCfg = Debug|Any CPU
		{BEFA16DC-83E0-42DA-A905-348BCC58DC90}.Debug|Any CPU.Build.0 = Debug|Any CPU
		{BEFA16DC-83E0-42DA-A905-348BCC58DC90}.Debug|Any CPU.Deploy.0 = Debug|Any CPU
		{BEFA16DC-83E0-42DA-A905-348BCC58DC90}.Release|Any CPU.ActiveCfg = Release|Any CPU
		{BEFA16DC-83E0-42DA-A905-348BCC58DC90}.Release|Any CPU.Build.0 = Release|Any CPU
		{BEFA16DC-83E0-42DA-A905-348BCC58DC90}.Release|Any CPU.Deploy.0 = Release|Any CPU
	EndGlobalSection
	GlobalSection(SolutionProperties) = preSolution
		HideSolutionNode = FALSE
	EndGlobalSection
	GlobalSection(ExtensibilityGlobals) = postSolution
		SolutionGuid = {4D423453-974E-4730-9331-E0BF5C967693}
	EndGlobalSection
EndGlobal
